
Microsoft Visual Studio Solution File, Format Version 12.00
# Visual Studio Version 17
VisualStudioVersion = 17.14.36203.30 d17.14
MinimumVisualStudioVersion = 10.0.40219.1
Project("{FAE04EC0-301F-11D3-BF4B-00C04F79EFBC}") = "RojasT_Examen3P", "RojasT_Examen3P\RojasT_Examen3P.csproj", "{62BB4166-FF18-4F26-B55D-E69E5AE7AE42}"
EndProject
Global
	GlobalSection(SolutionConfigurationPlatforms) = preSolution
		Debug|Any CPU = Debug|Any CPU
		Release|Any CPU = Release|Any CPU
	EndGlobalSection
	GlobalSection(ProjectConfigurationPlatforms) = postSolution
		{62BB4166-FF18-4F26-B55D-E69E5AE7AE42}.Debug|Any CPU.ActiveCfg = Debug|Any CPU
		{62BB4166-FF18-4F26-B55D-E69E5AE7AE42}.Debug|Any CPU.Build.0 = Debug|Any CPU
		{62BB4166-FF18-4F26-B55D-E69E5AE7AE42}.Release|Any CPU.ActiveCfg = Release|Any CPU
		{62BB4166-FF18-4F26-B55D-E69E5AE7AE42}.Release|Any CPU.Build.0 = Release|Any CPU
	EndGlobalSection
	GlobalSection(SolutionProperties) = preSolution
		HideSolutionNode = FALSE
	EndGlobalSection
	GlobalSection(ExtensibilityGlobals) = postSolution
		SolutionGuid = {E1E03850-C27F-4B51-8555-F59C6AAB6955}
	EndGlobalSection
EndGlobal
